<?xml version="1.0" encoding="utf-8"?>
<Project ToolsVersion="4.0" xmlns="http://schemas.microsoft.com/developer/msbuild/2003">
  <ItemGroup>
    <Filter Include="Source Files">
      <UniqueIdentifier>{4FC737F1-C7A5-4376-A066-2A32D752A2FF}</UniqueIdentifier>
      <Extensions>cpp;c;cc;cxx;c++;cppm;ixx;def;odl;idl;hpj;bat;asm;asmx</Extensions>
    </Filter>
    <Filter Include="Header Files">
      <UniqueIdentifier>{93995380-89BD-4b04-88EB-625FBE52EBFB}</UniqueIdentifier>
      <Extensions>h;hh;hpp;hxx;h++;hm;inl;inc;ipp;xsd</Extensions>
    </Filter>
    <Filter Include="Resource Files">
      <UniqueIdentifier>{67DA6AB6-F800-4c08-8B7A-83BB121AAD01}</UniqueIdentifier>
      <Extensions>rc;ico;cur;bmp;dlg;rc2;rct;bin;rgs;gif;jpg;jpeg;jpe;resx;tiff;tif;png;wav;mfcribbon-ms</Extensions>
    </Filter>
    <Filter Include="Source Files\Engine">
      <UniqueIdentifier>{77240009-6076-4c09-bad3-26d51e0a8a40}</UniqueIdentifier>
    </Filter>
    <Filter Include="Source Files\Game">
      <UniqueIdentifier>{9af90280-d16c-46f6-95bb-e987ff5906eb}</UniqueIdentifier>
    </Filter>
    <Filter Include="Source Files\Game\Tiles">
      <UniqueIdentifier>{c89a7ce6-f235-4985-af29-3bb7380d4b85}</UniqueIdentifier>
    </Filter>
    <Filter Include="Source Files\Game\Tiles\Types">
      <UniqueIdentifier>{15e612ed-9a3c-46de-9cde-908456c33694}</UniqueIdentifier>
    </Filter>
  </ItemGroup>
  <ItemGroup>
    <ClCompile Include="main.cpp">
      <Filter>Source Files</Filter>
    </ClCompile>
    <ClCompile Include="Window.cpp">
      <Filter>Source Files\Engine</Filter>
    </ClCompile>
    <ClCompile Include="World.cpp">
      <Filter>Source Files\Game</Filter>
    </ClCompile>
    <ClCompile Include="Player.cpp">
      <Filter>Source Files\Game</Filter>
    </ClCompile>
    <ClCompile Include="Tile.cpp">
      <Filter>Source Files\Game\Tiles</Filter>
    </ClCompile>
    <ClCompile Include="GrassTile.cpp">
      <Filter>Source Files\Game\Tiles\Types</Filter>
    </ClCompile>
    <ClCompile Include="WaterTile.cpp">
      <Filter>Source Files\Game\Tiles\Types</Filter>
    </ClCompile>
    <ClCompile Include="BridgeTile.cpp">
      <Filter>Source Files\Game\Tiles\Types</Filter>
    </ClCompile>
    <ClCompile Include="StoneTile.cpp">
      <Filter>Source Files\Game\Tiles\Types</Filter>
    </ClCompile>
    <ClCompile Include="SandTile.cpp">
      <Filter>Source Files\Game\Tiles\Types</Filter>
    </ClCompile>
  </ItemGroup>
  <ItemGroup>
    <ClInclude Include="Window.h">
      <Filter>Header Files</Filter>
    </ClInclude>
    <ClInclude Include="World.h">
      <Filter>Header Files</Filter>
    </ClInclude>
    <ClInclude Include="Player.h">
      <Filter>Header Files</Filter>
    </ClInclude>
    <ClInclude Include="Tile.h">
      <Filter>Header Files</Filter>
    </ClInclude>
    <ClInclude Include="GrassTile.h">
      <Filter>Header Files</Filter>
    </ClInclude>
    <ClInclude Include="WaterTile.h">
      <Filter>Header Files</Filter>
    </ClInclude>
    <ClInclude Include="BridgeTile.h">
      <Filter>Header Files</Filter>
    </ClInclude>
    <ClInclude Include="StoneTile.h">
      <Filter>Header Files</Filter>
    </ClInclude>
    <ClInclude Include="SandTile.h">
      <Filter>Header Files</Filter>
    </ClInclude>
  </ItemGroup>
</Project>